version = 1
revision = 3
requires-python = ">=3.11"

[[package]]
name = "mpremote"
version = "1.29.0"
source = { registry = "https://pypi.org/simple" }
dependencies = [
    { name = "platformdirs" },
    { name = "pyserial" },
]
sdist = { url = "https://files.pythonhosted.org/packages/ac/b7/8c44eb606b0e53517fd6ddda3f598b3bdb180c181f4e0bcbb9b7743f4cb5/mpremote-1.29.0.tar.gz", hash = "sha256:ab0b6f21059698e573ca076fe9a0299e5fe7bbc3ca3f5b2f00007e22e51c7b80", size = 33808, upload-time = "2026-08-24T13:54:53.108Z" }
wheels = [
    { url = "https://files.pythonhosted.org/packages/51/85/f68fbcfe4d1ce32a7f2154a48f68195d4f256e3700b69ad0d5b758ee3b37/mpremote-1.29.0-py3-none-any.whl", hash = "sha256:dedac688bcd65b9d4d5b7a66119332f2830000088321107994959333f53e41c8", size = 38653, upload-time = "2026-08-24T13:54:51.674Z" },
]

[[package]]
name = "platformdirs"
version = "4.11.13"
source = { registry = "https://pypi.org/simple" }
sdist = { url = "https://files.pythonhosted.org/packages/53/0e/7be2983c52622d6c0899300f760e31ba143355cedf1afcb3e65689d5ca85/platformdirs-4.11.13.tar.gz", hash = "sha256:6985eefdc2298693e4ce1fe124645524cb967428eb6384e0ce5b49767e7ea8ba", size = 40415, upload-time = "2026-09-25T04:44:25.484Z" }
wheels = [
    { url = "https://files.pythonhosted.org/packages/29/a6/76a492f6a937e196641b3abd1588c504c71438e243daf1bebde4d3bb8ee9/platformdirs-4.11.13-py3-none-any.whl", hash = "sha256:228b2283af5c1f32673cdf55271216a52bbd8258cb31374e302ad7bd26cd7513", size = 25054, upload-time = "2026-09-25T04:44:23.975Z" },
]

[[package]]
name = "pyserial"
version = "3.5"
source = { registry = "https://pypi.org/simple" }
sdist = { url = "https://files.pythonhosted.org/packages/1e/7d/ae3f0a63f41e4d2f6cb66a5b57197850f919f59e558159a4dd3a818f5082/pyserial-3.5.tar.gz", hash = "sha256:3c77e014170dfffbd816e6ffc205e9842efb10be9f58ec16d3e8675b4925cddb", size = 159125, upload-time = "2020-11-23T03:59:15.045Z" }
wheels = [
    { url = "https://files.pythonhosted.org/packages/07/bc/587a445451b253b285629263eb51c2d8e9bcea4fc97826266d186f96f558/pyserial-3.5-py2.py3-none-any.whl", hash = "sha256:c4451db6ba391ca6ca299fb3ec7bae67a5c55dde170964c7a14ceefec02f2cf0", size = 90585, upload-time = "2020-11-23T03:59:13.41Z" },
]

[[package]]
name = "vertigate-firmware-tools"
version = "0"
source = { virtual = "." }
dependencies = [
    { name = "mpremote" },
    { name = "pyserial" },
]

[package.metadata]
requires-dist = [
    { name = "mpremote", specifier = ">=1.24" },
    { name = "pyserial", specifier = ">=3.5" },
]
